version: 6
environments:
  default:
    channels:
    - url: https://conda.anaconda.org/conda-forge/
    packages:
      win-64:
      - conda: https://conda.anaconda.org/conda-forge/win-64/_openmp_mutex-4.5-20_gnu.conda
      - conda: https://conda.anaconda.org/conda-forge/noarch/attrs-26.1.0-pyhcf101f3_0.conda
      - conda: https://conda.anaconda.org/conda-forge/noarch/backports.zstd-1.3.0-py314h680f03e_0.conda
      - conda: https://conda.anaconda.org/conda-forge/win-64/brotli-python-1.2.0-py314he701e3d_1.conda
      - conda: https://conda.anaconda.org/conda-forge/win-64/bzip2-1.0.8-h0ad9c76_9.conda
      - conda: https://conda.anaconda.org/conda-forge/noarch/ca-certificates-2026.2.25-h4c7d964_0.conda
      - conda: https://conda.anaconda.org/conda-forge/noarch/certifi-2026.2.25-pyhd8ed1ab_0.conda
      - conda: https://conda.anaconda.org/conda-forge/win-64/cffi-2.0.0-py314h5a2d7ad_1.conda
      - conda: https://conda.anaconda.org/conda-forge/noarch/charset-normalizer-3.4.6-pyhd8ed1ab_0.conda
      - conda: https://conda.anaconda.org/conda-forge/noarch/colorama-0.4.6-pyhd8ed1ab_1.conda
      - conda: https://conda.anaconda.org/conda-forge/noarch/et_xmlfile-2.0.0-pyhd8ed1ab_1.conda
      - conda: https://conda.anaconda.org/conda-forge/noarch/exceptiongroup-1.3.1-pyhd8ed1ab_0.conda
      - conda: https://conda.anaconda.org/conda-forge/noarch/h11-0.16.0-pyhcf101f3_1.conda
      - conda: https://conda.anaconda.org/conda-forge/noarch/h2-4.3.0-pyhcf101f3_0.conda
      - conda: https://conda.anaconda.org/conda-forge/noarch/hpack-4.1.0-pyhd8ed1ab_0.conda
      - conda: https://conda.anaconda.org/conda-forge/noarch/hyperframe-6.1.0-pyhd8ed1ab_0.conda
      - conda: https://conda.anaconda.org/conda-forge/noarch/icalendar-7.0.3-pyhd8ed1ab_0.conda
      - conda: https://conda.anaconda.org/conda-forge/noarch/idna-3.11-pyhd8ed1ab_0.conda
      - conda: https://conda.anaconda.org/conda-forge/win-64/lcms2-2.18-hf2c6c5f_0.conda
      - conda: https://conda.anaconda.org/conda-forge/win-64/lerc-4.1.0-hd936e49_0.conda
      - conda: https://conda.anaconda.org/conda-forge/win-64/libblas-3.11.0-6_hf2e6a31_mkl.conda
      - conda: https://conda.anaconda.org/conda-forge/win-64/libcblas-3.11.0-6_h2a3cdd5_mkl.conda
      - conda: https://conda.anaconda.org/conda-forge/win-64/libdeflate-1.25-h51727cc_0.conda
      - conda: https://conda.anaconda.org/conda-forge/win-64/libexpat-2.7.5-hac47afa_0.conda
      - conda: https://conda.anaconda.org/conda-forge/win-64/libffi-3.5.2-h3d046cb_0.conda
      - conda: https://conda.anaconda.org/conda-forge/win-64/libfreetype-2.14.3-h57928b3_0.conda
      - conda: https://conda.anaconda.org/conda-forge/win-64/libfreetype6-2.14.3-hdbac1cb_0.conda
      - conda: https://conda.anaconda.org/conda-forge/win-64/libgcc-15.2.0-h8ee18e1_18.conda
      - conda: https://conda.anaconda.org/conda-forge/win-64/libgomp-15.2.0-h8ee18e1_18.conda
      - conda: https://conda.anaconda.org/conda-forge/win-64/libhwloc-2.12.2-default_h4379cf1_1000.conda
      - conda: https://conda.anaconda.org/conda-forge/win-64/libiconv-1.18-hc1393d2_2.conda
      - conda: https://conda.anaconda.org/conda-forge/win-64/libjpeg-turbo-3.1.2-hfd05255_0.conda
      - conda: https://conda.anaconda.org/conda-forge/win-64/liblapack-3.11.0-6_hf9ab0e9_mkl.conda
      - conda: https://conda.anaconda.org/conda-forge/win-64/liblzma-5.8.2-hfd05255_0.conda
      - conda: https://conda.anaconda.org/conda-forge/win-64/libmpdec-4.0.0-hfd05255_1.conda
      - conda: https://conda.anaconda.org/conda-forge/win-64/libpng-1.6.56-h7351971_0.conda
      - conda: https://conda.anaconda.org/conda-forge/win-64/libsqlite-3.52.0-hf5d6505_0.conda
      - conda: https://conda.anaconda.org/conda-forge/win-64/libtiff-4.7.1-h8f73337_1.conda
      - conda: https://conda.anaconda.org/conda-forge/win-64/libwebp-base-1.6.0-h4d5522a_0.conda
      - conda: https://conda.anaconda.org/conda-forge/win-64/libwinpthread-12.0.0.r4.gg4f2fc60ca-h57928b3_10.conda
      - conda: https://conda.anaconda.org/conda-forge/win-64/libxcb-1.17.0-h0e4246c_0.conda
      - conda: https://conda.anaconda.org/conda-forge/win-64/libxml2-16-2.15.2-h692994f_0.conda
      - conda: https://conda.anaconda.org/conda-forge/win-64/libxml2-2.15.2-h5d26750_0.conda
      - conda: https://conda.anaconda.org/conda-forge/win-64/libzlib-1.3.2-hfd05255_2.conda
      - conda: https://conda.anaconda.org/conda-forge/win-64/llvm-openmp-22.1.2-h4fa8253_0.conda
      - conda: https://conda.anaconda.org/conda-forge/win-64/mkl-2025.3.1-hac47afa_11.conda
      - conda: https://conda.anaconda.org/conda-forge/noarch/mouseinfo-0.1.3-pyhd8ed1ab_1.conda
      - conda: https://conda.anaconda.org/conda-forge/win-64/numpy-2.4.3-py314h02f10f6_0.conda
      - conda: https://conda.anaconda.org/conda-forge/win-64/openjpeg-2.5.4-h0e57b4f_0.conda
      - conda: https://conda.anaconda.org/conda-forge/win-64/openpyxl-3.1.5-py314hccc76fc_3.conda
      - conda: https://conda.anaconda.org/conda-forge/win-64/openssl-3.6.1-hf411b9b_1.conda
      - conda: https://conda.anaconda.org/conda-forge/noarch/outcome-1.3.0.post0-pyhd8ed1ab_1.conda
      - conda: https://conda.anaconda.org/conda-forge/noarch/packaging-26.0-pyhcf101f3_0.conda
      - conda: https://conda.anaconda.org/conda-forge/win-64/pandas-3.0.2-py314hf700ef7_0.conda
      - conda: https://conda.anaconda.org/conda-forge/win-64/pillow-12.1.1-py314h61b30b5_0.conda
      - conda: https://conda.anaconda.org/conda-forge/win-64/psutil-7.2.2-py314hc5dbbe4_0.conda
      - conda: https://conda.anaconda.org/conda-forge/win-64/pthread-stubs-0.4-h0e40799_1002.conda
      - conda: https://conda.anaconda.org/conda-forge/win-64/pyautogui-0.9.54-py314h86ab7b2_4.conda
      - conda: https://conda.anaconda.org/conda-forge/noarch/pycparser-2.22-pyh29332c3_1.conda
      - conda: https://conda.anaconda.org/conda-forge/win-64/pygetwindow-0.0.9-py314h86ab7b2_4.conda
      - conda: https://conda.anaconda.org/conda-forge/noarch/pymsgbox-2.0.1-pyhd8ed1ab_0.conda
      - conda: https://conda.anaconda.org/conda-forge/noarch/pyperclip-1.11.0-pyh7428d3b_0.conda
      - conda: https://conda.anaconda.org/conda-forge/noarch/pyrect-0.2.0-pyhd8ed1ab_1.conda
      - conda: https://conda.anaconda.org/conda-forge/noarch/pyscreeze-1.0.1-pyhff2d567_0.conda
      - conda: https://conda.anaconda.org/conda-forge/noarch/pysocks-1.7.1-pyh09c184e_7.conda
      - conda: https://conda.anaconda.org/conda-forge/win-64/python-3.14.3-h4b44e0e_101_cp314.conda
      - conda: https://conda.anaconda.org/conda-forge/noarch/python-dateutil-2.9.0.post0-pyhe01879c_2.conda
      - conda: https://conda.anaconda.org/conda-forge/noarch/python-dotenv-1.2.2-pyhcf101f3_0.conda
      - conda: https://conda.anaconda.org/conda-forge/noarch/python-tzdata-2025.3-pyhd8ed1ab_0.conda
      - conda: https://conda.anaconda.org/conda-forge/noarch/python-xlib-0.33-pyhff2d567_1.conda
      - conda: https://conda.anaconda.org/conda-forge/noarch/python_abi-3.14-8_cp314.conda
      - conda: https://conda.anaconda.org/conda-forge/noarch/pytweening-1.2.0-pyhd8ed1ab_1.conda
      - conda: https://conda.anaconda.org/conda-forge/noarch/requests-2.33.1-pyhcf101f3_0.conda
      - conda: https://conda.anaconda.org/conda-forge/noarch/rubicon-objc-0.5.3-pyhcf101f3_0.conda
      - conda: https://conda.anaconda.org/conda-forge/noarch/selenium-4.41.0-pyhcf101f3_0.conda
      - conda: https://conda.anaconda.org/conda-forge/win-64/selenium-manager-4.41.0-h18a1a76_0.conda
      - conda: https://conda.anaconda.org/conda-forge/noarch/six-1.17.0-pyhe01879c_1.conda
      - conda: https://conda.anaconda.org/conda-forge/noarch/sniffio-1.3.1-pyhd8ed1ab_2.conda
      - conda: https://conda.anaconda.org/conda-forge/noarch/sortedcontainers-2.4.0-pyhd8ed1ab_1.conda
      - conda: https://conda.anaconda.org/conda-forge/win-64/tbb-2022.3.0-h3155e25_2.conda
      - conda: https://conda.anaconda.org/conda-forge/win-64/tk-8.6.13-h6ed50ae_3.conda
      - conda: https://conda.anaconda.org/conda-forge/noarch/tqdm-4.67.3-pyha7b4d00_0.conda
      - conda: https://conda.anaconda.org/conda-forge/win-64/trio-0.33.0-py314hbd517ce_0.conda
      - conda: https://conda.anaconda.org/conda-forge/noarch/trio-websocket-0.12.2-pyh29332c3_0.conda
      - conda: https://conda.anaconda.org/conda-forge/noarch/typing-extensions-4.15.0-h396c80c_0.conda
      - conda: https://conda.anaconda.org/conda-forge/noarch/typing_extensions-4.15.0-pyhcf101f3_0.conda
      - conda: https://conda.anaconda.org/conda-forge/noarch/tzdata-2025c-hc9c84f9_1.conda
      - conda: https://conda.anaconda.org/conda-forge/win-64/ucrt-10.0.26100.0-h57928b3_0.conda
      - conda: https://conda.anaconda.org/conda-forge/noarch/urllib3-2.6.3-pyhd8ed1ab_0.conda
      - conda: https://conda.anaconda.org/conda-forge/win-64/vc-14.3-h41ae7f8_34.conda
      - conda: https://conda.anaconda.org/conda-forge/win-64/vc14_runtime-14.44.35208-h818238b_34.conda
      - conda: https://conda.anaconda.org/conda-forge/win-64/vcomp14-14.44.35208-h818238b_34.conda
      - conda: https://conda.anaconda.org/conda-forge/noarch/webdriver-manager-4.0.2-pyhd8ed1ab_1.conda
      - conda: https://conda.anaconda.org/conda-forge/noarch/websocket-client-1.9.0-pyhd8ed1ab_0.conda
      - conda: https://conda.anaconda.org/conda-forge/noarch/win_inet_pton-1.1.0-pyh7428d3b_8.conda
      - conda: https://conda.anaconda.org/conda-forge/noarch/wsproto-1.3.2-pyhd8ed1ab_0.conda
      - conda: https://conda.anaconda.org/conda-forge/win-64/xorg-libxau-1.0.12-hba3369d_1.conda
      - conda: https://conda.anaconda.org/conda-forge/win-64/xorg-libxdmcp-1.1.5-hba3369d_1.conda
      - conda: https://conda.anaconda.org/conda-forge/win-64/zlib-ng-2.3.3-h0261ad2_1.conda
      - conda: https://conda.anaconda.org/conda-forge/win-64/zstd-1.5.7-h534d264_6.conda
packages:
- conda: https://conda.anaconda.org/conda-forge/win-64/_openmp_mutex-4.5-20_gnu.conda
  build_number: 20
  sha256: 8a1cee28bd0ee7451ada1cd50b64720e57e17ff994fc62dd8329bef570d382e4
  md5: 1626967b574d1784b578b52eaeb071e7
  depends:
  - libgomp >=7.5.0
  - libwinpthread >=12.0.0.r4.gg4f2fc60ca
  constrains:
  - openmp_impl <0.0a0
  - msys2-conda-epoch <0.0a0
  license: BSD-3-Clause
  license_family: BSD
  size: 52252
  timestamp: 1770943776666
- conda: https://conda.anaconda.org/conda-forge/noarch/attrs-26.1.0-pyhcf101f3_0.conda
  sha256: 1b6124230bb4e571b1b9401537ecff575b7b109cc3a21ee019f65e083b8399ab
  md5: c6b0543676ecb1fb2d7643941fe375f2
  depends:
  - python >=3.10
  - python
  license: MIT
  license_family: MIT
  size: 64927
  timestamp: 1773935801332
- conda: https://conda.anaconda.org/conda-forge/noarch/backports.zstd-1.3.0-py314h680f03e_0.conda
  noarch: generic
  sha256: c31ab719d256bc6f89926131e88ecd0f0c5d003fe8481852c6424f4ec6c7eb29
  md5: a2ac7763a9ac75055b68f325d3255265
  depends:
  - python >=3.14
  license: BSD-3-Clause AND MIT AND EPL-2.0
  size: 7514
  timestamp: 1767044983590
- conda: https://conda.anaconda.org/conda-forge/win-64/brotli-python-1.2.0-py314he701e3d_1.conda
  sha256: 6854ee7675135c57c73a04849c29cbebc2fb6a3a3bfee1f308e64bf23074719b
  md5: 1302b74b93c44791403cbeee6a0f62a3
  depends:
  - python >=3.14,<3.15.0a0
  - python_abi 3.14.* *_cp314
  - ucrt >=10.0.20348.0
  - vc >=14.3,<15
  - vc14_runtime >=14.44.35208
  constrains:
  - libbrotlicommon 1.2.0 hfd05255_1
  license: MIT
  license_family: MIT
  size: 335782
  timestamp: 1764018443683
- conda: https://conda.anaconda.org/conda-forge/win-64/bzip2-1.0.8-h0ad9c76_9.conda
  sha256: 76dfb71df5e8d1c4eded2dbb5ba15bb8fb2e2b0fe42d94145d5eed4c75c35902
  md5: 4cb8e6b48f67de0b018719cdf1136306
  depends:
  - ucrt >=10.0.20348.0
  - vc >=14.3,<15
  - vc14_runtime >=14.44.35208
  license: bzip2-1.0.6
  license_family: BSD
  size: 56115
  timestamp: 1771350256444
- conda: https://conda.anaconda.org/conda-forge/noarch/ca-certificates-2026.2.25-h4c7d964_0.conda
  sha256: 37950019c59b99585cee5d30dbc2cc9696ed4e11f5742606a4db1621ed8f94d6
  md5: f001e6e220355b7f87403a4d0e5bf1ca
  depends:
  - __win
  license: ISC
  size: 147734
  timestamp: 1772006322223
- conda: https://conda.anaconda.org/conda-forge/noarch/certifi-2026.2.25-pyhd8ed1ab_0.conda
  sha256: a6b118fd1ed6099dc4fc03f9c492b88882a780fadaef4ed4f93dc70757713656
  md5: 765c4d97e877cdbbb88ff33152b86125
  depends:
  - python >=3.10
  license: ISC
  size: 151445
  timestamp: 1772001170301
- conda: https://conda.anaconda.org/conda-forge/win-64/cffi-2.0.0-py314h5a2d7ad_1.conda
  sha256: 924f2f01fa7a62401145ef35ab6fc95f323b7418b2644a87fea0ea68048880ed
  md5: c360170be1c9183654a240aadbedad94
  depends:
  - pycparser
  - python >=3.14,<3.15.0a0
  - python_abi 3.14.* *_cp314
  - ucrt >=10.0.20348.0
  - vc >=14.3,<15
  - vc14_runtime >=14.44.35208
  license: MIT
  license_family: MIT
  size: 294731
  timestamp: 1761203441365
- conda: https://conda.anaconda.org/conda-forge/noarch/charset-normalizer-3.4.6-pyhd8ed1ab_0.conda
  sha256: d86dfd428b2e3c364fa90e07437c8405d635aa4ef54b25ab51d9c712be4112a5
  md5: 49ee13eb9b8f44d63879c69b8a40a74b
  depends:
  - python >=3.10
  license: MIT
  license_family: MIT
  size: 58510
  timestamp: 1773660086450
- conda: https://conda.anaconda.org/conda-forge/noarch/colorama-0.4.6-pyhd8ed1ab_1.conda
  sha256: ab29d57dc70786c1269633ba3dff20288b81664d3ff8d21af995742e2bb03287
  md5: 962b9857ee8e7018c22f2776ffa0b2d7
  depends:
  - python >=3.9
  license: BSD-3-Clause
  license_family: BSD
  size: 27011
  timestamp: 1733218222191
- conda: https://conda.anaconda.org/conda-forge/noarch/et_xmlfile-2.0.0-pyhd8ed1ab_1.conda
  sha256: 2209534fbf2f70c20661ff31f57ab6a97b82ee98812e8a2dcb2b36a0d345727c
  md5: 71bf9646cbfabf3022c8da4b6b4da737
  depends:
  - python >=3.9
  license: MIT
  license_family: MIT
  size: 21908
  timestamp: 1733749746332
- conda: https://conda.anaconda.org/conda-forge/noarch/exceptiongroup-1.3.1-pyhd8ed1ab_0.conda
  sha256: ee6cf346d017d954255bbcbdb424cddea4d14e4ed7e9813e429db1d795d01144
  md5: 8e662bd460bda79b1ea39194e3c4c9ab
  depends:
  - python >=3.10
  - typing_extensions >=4.6.0
  license: MIT and PSF-2.0
  size: 21333
  timestamp: 1763918099466
- conda: https://conda.anaconda.org/conda-forge/noarch/h11-0.16.0-pyhcf101f3_1.conda
  sha256: 96cac6573fd35ae151f4d6979bab6fbc90cb6b1fb99054ba19eb075da9822fcb
  md5: b8993c19b0c32a2f7b66cbb58ca27069
  depends:
  - python >=3.10
  - typing_extensions
  - python
  license: MIT
  license_family: MIT
  size: 39069
  timestamp: 1767729720872
- conda: https://conda.anaconda.org/conda-forge/noarch/h2-4.3.0-pyhcf101f3_0.conda
  sha256: 84c64443368f84b600bfecc529a1194a3b14c3656ee2e832d15a20e0329b6da3
  md5: 164fc43f0b53b6e3a7bc7dce5e4f1dc9
  depends:
  - python >=3.10
  - hyperframe >=6.1,<7
  - hpack >=4.1,<5
  - python
  license: MIT
  license_family: MIT
  size: 95967
  timestamp: 1756364871835
- conda: https://conda.anaconda.org/conda-forge/noarch/hpack-4.1.0-pyhd8ed1ab_0.conda
  sha256: 6ad78a180576c706aabeb5b4c8ceb97c0cb25f1e112d76495bff23e3779948ba
  md5: 0a802cb9888dd14eeefc611f05c40b6e
  depends:
  - python >=3.9
  license: MIT
  license_family: MIT
  size: 30731
  timestamp: 1737618390337
- conda: https://conda.anaconda.org/conda-forge/noarch/hyperframe-6.1.0-pyhd8ed1ab_0.conda
  sha256: 77af6f5fe8b62ca07d09ac60127a30d9069fdc3c68d6b256754d0ffb1f7779f8
  md5: 8e6923fc12f1fe8f8c4e5c9f343256ac
  depends:
  - python >=3.9
  license: MIT
  license_family: MIT
  size: 17397
  timestamp: 1737618427549
- conda: https://conda.anaconda.org/conda-forge/noarch/icalendar-7.0.3-pyhd8ed1ab_0.conda
  sha256: 0975e9857542798efb6c981ce268ff1129467eb4ebe73bfe68526581ffd93b34
  md5: a9ff3f2fa71bd085c490772943bad503
  depends:
  - python >=3.10
  - python-dateutil
  - python-tzdata
  - typing-extensions
  license: BSD-2-Clause
  license_family: BSD
  size: 272528
  timestamp: 1772723993294
- conda: https://conda.anaconda.org/conda-forge/noarch/idna-3.11-pyhd8ed1ab_0.conda
  sha256: ae89d0299ada2a3162c2614a9d26557a92aa6a77120ce142f8e0109bbf0342b0
  md5: 53abe63df7e10a6ba605dc5f9f961d36
  depends:
  - python >=3.10
  license: BSD-3-Clause
  license_family: BSD
  size: 50721
  timestamp: 1760286526795
- conda: https://conda.anaconda.org/conda-forge/win-64/lcms2-2.18-hf2c6c5f_0.conda
  sha256: 7eeb18c5c86db146b62da66d9e8b0e753a52987f9134a494309588bbeceddf28
  md5: b6c68d6b829b044cd17a41e0a8a23ca1
  depends:
  - libjpeg-turbo >=3.1.2,<4.0a0
  - libtiff >=4.7.1,<4.8.0a0
  - ucrt >=10.0.20348.0
  - vc >=14.3,<15
  - vc14_runtime >=14.44.35208
  license: MIT
  license_family: MIT
  size: 522238
  timestamp: 1768184858107
- conda: https://conda.anaconda.org/conda-forge/win-64/lerc-4.1.0-hd936e49_0.conda
  sha256: 45df58fca800b552b17c3914cc9ab0d55a82c5172d72b5c44a59c710c06c5473
  md5: 54b231d595bc1ff9bff668dd443ee012
  depends:
  - ucrt >=10.0.20348.0
  - vc >=14.3,<15
  - vc14_runtime >=14.44.35208
  license: Apache-2.0
  license_family: Apache
  size: 172395
  timestamp: 1773113455582
- conda: https://conda.anaconda.org/conda-forge/win-64/libblas-3.11.0-6_hf2e6a31_mkl.conda
  build_number: 6
  sha256: 10c8054f007adca8c780cd8bb9335fa5d990f0494b825158d3157983a25b1ea2
  md5: 95543eec964b4a4a7ca3c4c9be481aa1
  depends:
  - mkl >=2025.3.1,<2026.0a0
  constrains:
  - blas 2.306   mkl
  - liblapacke 3.11.0   6*_mkl
  - liblapack  3.11.0   6*_mkl
  - libcblas   3.11.0   6*_mkl
  license: BSD-3-Clause
  license_family: BSD
  size: 68082
  timestamp: 1774503684284
- conda: https://conda.anaconda.org/conda-forge/win-64/libcblas-3.11.0-6_h2a3cdd5_mkl.conda
  build_number: 6
  sha256: 02b2a2225f4899c6aaa1dc723e06b3f7a4903d2129988f91fc1527409b07b0a5
  md5: 9e4bf521c07f4d423cba9296b7927e3c
  depends:
  - libblas 3.11.0 6_hf2e6a31_mkl
  constrains:
  - blas 2.306   mkl
  - liblapacke 3.11.0   6*_mkl
  - liblapack  3.11.0   6*_mkl
  license: BSD-3-Clause
  license_family: BSD
  size: 68221
  timestamp: 1774503722413
- conda: https://conda.anaconda.org/conda-forge/win-64/libdeflate-1.25-h51727cc_0.conda
  sha256: 834e4881a18b690d5ec36f44852facd38e13afe599e369be62d29bd675f107ee
  md5: e77030e67343e28b084fabd7db0ce43e
  depends:
  - ucrt >=10.0.20348.0
  - vc >=14.3,<15
  - vc14_runtime >=14.44.35208
  license: MIT
  license_family: MIT
  size: 156818
  timestamp: 1761979842440
- conda: https://conda.anaconda.org/conda-forge/win-64/libexpat-2.7.5-hac47afa_0.conda
  sha256: 6850c3a4d5dc215b86f58518cfb8752998533d6569b08da8df1da72e7c68e571
  md5: bfb43f52f13b7c56e7677aa7a8efdf0c
  depends:
  - ucrt >=10.0.20348.0
  - vc >=14.3,<15
  - vc14_runtime >=14.44.35208
  constrains:
  - expat 2.7.5.*
  license: MIT
  license_family: MIT
  size: 70609
  timestamp: 1774719377850
- conda: https://conda.anaconda.org/conda-forge/win-64/libffi-3.5.2-h3d046cb_0.conda
  sha256: 59d01f2dfa8b77491b5888a5ab88ff4e1574c9359f7e229da254cdfe27ddc190
  md5: 720b39f5ec0610457b725eb3f396219a
  depends:
  - ucrt >=10.0.20348.0
  - vc >=14.3,<15
  - vc14_runtime >=14.44.35208
  license: MIT
  license_family: MIT
  size: 45831
  timestamp: 1769456418774
- conda: https://conda.anaconda.org/conda-forge/win-64/libfreetype-2.14.3-h57928b3_0.conda
  sha256: 71fae9ae05563ceec70adceb7bc66faa326a81a6590a8aac8a5074019070a2d8
  md5: d9f70dd06674e26b6d5a657ddd22b568
  depends:
  - libfreetype6 >=2.14.3
  license: GPL-2.0-only OR FTL
  size: 8379
  timestamp: 1774300468411
- conda: https://conda.anaconda.org/conda-forge/win-64/libfreetype6-2.14.3-hdbac1cb_0.conda
  sha256: 497e9ab7c80f579e1b2850523740d6a543b8020f6b43be6bd6e83b3a6fb7fb32
  md5: f9975a0177ee6cdda10c86d1db1186b0
  depends:
  - libpng >=1.6.55,<1.7.0a0
  - libzlib >=1.3.2,<2.0a0
  - ucrt >=10.0.20348.0
  - vc >=14.3,<15
  - vc14_runtime >=14.44.35208
  constrains:
  - freetype >=2.14.3
  license: GPL-2.0-only OR FTL
  size: 340180
  timestamp: 1774300467879
- conda: https://conda.anaconda.org/conda-forge/win-64/libgcc-15.2.0-h8ee18e1_18.conda
  sha256: da2c96563c76b8c601746f03e03ac75d2b4640fa2ee017cb23d6c9fc31f1b2c6
  md5: b085746891cca3bd2704a450a7b4b5ce
  depends:
  - _openmp_mutex >=4.5
  - libwinpthread >=12.0.0.r4.gg4f2fc60ca
  constrains:
  - libgcc-ng ==15.2.0=*_18
  - msys2-conda-epoch <0.0a0
  - libgomp 15.2.0 h8ee18e1_18
  license: GPL-3.0-only WITH GCC-exception-3.1
  license_family: GPL
  size: 820022
  timestamp: 1771382190160
- conda: https://conda.anaconda.org/conda-forge/win-64/libgomp-15.2.0-h8ee18e1_18.conda
  sha256: 94981bc2e42374c737750895c6fdcfc43b7126c4fc788cad0ecc7281745931da
  md5: 939fb173e2a4d4e980ef689e99b35223
  depends:
  - libwinpthread >=12.0.0.r4.gg4f2fc60ca
  constrains:
  - msys2-conda-epoch <0.0a0
  license: GPL-3.0-only WITH GCC-exception-3.1
  license_family: GPL
  size: 663864
  timestamp: 1771382118742
- conda: https://conda.anaconda.org/conda-forge/win-64/libhwloc-2.12.2-default_h4379cf1_1000.conda
  sha256: 8cdf11333a81085468d9aa536ebb155abd74adc293576f6013fc0c85a7a90da3
  md5: 3b576f6860f838f950c570f4433b086e
  depends:
  - libwinpthread >=12.0.0.r4.gg4f2fc60ca
  - libxml2
  - libxml2-16 >=2.14.6
  - ucrt >=10.0.20348.0
  - vc >=14.3,<15
  - vc14_runtime >=14.44.35208
  license: BSD-3-Clause
  license_family: BSD
  size: 2411241
  timestamp: 1765104337762
- conda: https://conda.anaconda.org/conda-forge/win-64/libiconv-1.18-hc1393d2_2.conda
  sha256: 0dcdb1a5f01863ac4e8ba006a8b0dc1a02d2221ec3319b5915a1863254d7efa7
  md5: 64571d1dd6cdcfa25d0664a5950fdaa2
  depends:
  - ucrt >=10.0.20348.0
  - vc >=14.3,<15
  - vc14_runtime >=14.44.35208
  license: LGPL-2.1-only
  size: 696926
  timestamp: 1754909290005
- conda: https://conda.anaconda.org/conda-forge/win-64/libjpeg-turbo-3.1.2-hfd05255_0.conda
  sha256: 795e2d4feb2f7fc4a2c6e921871575feb32b8082b5760726791f080d1e2c2597
  md5: 56a686f92ac0273c0f6af58858a3f013
  depends:
  - ucrt >=10.0.20348.0
  - vc >=14.3,<15
  - vc14_runtime >=14.44.35208
  constrains:
  - jpeg <0.0.0a
  license: IJG AND BSD-3-Clause AND Zlib
  size: 841783
  timestamp: 1762094814336
- conda: https://conda.anaconda.org/conda-forge/win-64/liblapack-3.11.0-6_hf9ab0e9_mkl.conda
  build_number: 6
  sha256: 2e6ac39e456ba13ec8f02fc0787b8a22c89780e24bd5556eaf642177463ffb36
  md5: 7e9cdaf6f302142bc363bbab3b5e7074
  depends:
  - libblas 3.11.0 6_hf2e6a31_mkl
  constrains:
  - blas 2.306   mkl
  - liblapacke 3.11.0   6*_mkl
  - libcblas   3.11.0   6*_mkl
  license: BSD-3-Clause
  license_family: BSD
  size: 80571
  timestamp: 1774503757128
- conda: https://conda.anaconda.org/conda-forge/win-64/liblzma-5.8.2-hfd05255_0.conda
  sha256: f25bf293f550c8ed2e0c7145eb404324611cfccff37660869d97abf526eb957c
  md5: ba0bfd4c3cf73f299ffe46ff0eaeb8e3
  depends:
  - ucrt >=10.0.20348.0
  - vc >=14.3,<15
  - vc14_runtime >=14.44.35208
  constrains:
  - xz 5.8.2.*
  license: 0BSD
  size: 106169
  timestamp: 1768752763559
- conda: https://conda.anaconda.org/conda-forge/win-64/libmpdec-4.0.0-hfd05255_1.conda
  sha256: 40dcd0b9522a6e0af72a9db0ced619176e7cfdb114855c7a64f278e73f8a7514
  md5: e4a9fc2bba3b022dad998c78856afe47
  depends:
  - ucrt >=10.0.20348.0
  - vc >=14.3,<15
  - vc14_runtime >=14.44.35208
  license: BSD-2-Clause
  license_family: BSD
  size: 89411
  timestamp: 1769482314283
- conda: https://conda.anaconda.org/conda-forge/win-64/libpng-1.6.56-h7351971_0.conda
  sha256: 0ab8890b7551bae4fc2a1aada8937789a6205c9ba9f322552a24e97b2d9b33b8
  md5: bedc0fc6a8fb31b8013878ea20c76bae
  depends:
  - vc >=14.3,<15
  - vc14_runtime >=14.44.35208
  - ucrt >=10.0.20348.0
  - libzlib >=1.3.2,<2.0a0
  license: zlib-acknowledgement
  size: 383766
  timestamp: 1774513353959
- conda: https://conda.anaconda.org/conda-forge/win-64/libsqlite-3.52.0-hf5d6505_0.conda
  sha256: 5fccf1e4e4062f8b9a554abf4f9735a98e70f82e2865d0bfdb47b9de94887583
  md5: 8830689d537fda55f990620680934bb1
  depends:
  - ucrt >=10.0.20348.0
  - vc >=14.3,<15
  - vc14_runtime >=14.44.35208
  license: blessing
  size: 1297302
  timestamp: 1772818899033
- conda: https://conda.anaconda.org/conda-forge/win-64/libtiff-4.7.1-h8f73337_1.conda
  sha256: f1b8cccaaeea38a28b9cd496694b2e3d372bb5be0e9377c9e3d14b330d1cba8a
  md5: 549845d5133100142452812feb9ba2e8
  depends:
  - lerc >=4.0.0,<5.0a0
  - libdeflate >=1.25,<1.26.0a0
  - libjpeg-turbo >=3.1.0,<4.0a0
  - liblzma >=5.8.1,<6.0a0
  - libzlib >=1.3.1,<2.0a0
  - ucrt >=10.0.20348.0
  - vc >=14.3,<15
  - vc14_runtime >=14.44.35208
  - zstd >=1.5.7,<1.6.0a0
  license: HPND
  size: 993166
  timestamp: 1762022118895
- conda: https://conda.anaconda.org/conda-forge/win-64/libwebp-base-1.6.0-h4d5522a_0.conda
  sha256: 7b6316abfea1007e100922760e9b8c820d6fc19df3f42fb5aca684cfacb31843
  md5: f9bbae5e2537e3b06e0f7310ba76c893
  depends:
  - ucrt >=10.0.20348.0
  - vc >=14.3,<15
  - vc14_runtime >=14.44.35208
  constrains:
  - libwebp 1.6.0
  license: BSD-3-Clause
  license_family: BSD
  size: 279176
  timestamp: 1752159543911
- conda: https://conda.anaconda.org/conda-forge/win-64/libwinpthread-12.0.0.r4.gg4f2fc60ca-h57928b3_10.conda
  sha256: 0fccf2d17026255b6e10ace1f191d0a2a18f2d65088fd02430be17c701f8ffe0
  md5: 8a86073cf3b343b87d03f41790d8b4e5
  depends:
  - ucrt
  constrains:
  - pthreads-win32 <0.0a0
  - msys2-conda-epoch <0.0a0
  license: MIT AND BSD-3-Clause-Clear
  size: 36621
  timestamp: 1759768399557
- conda: https://conda.anaconda.org/conda-forge/win-64/libxcb-1.17.0-h0e4246c_0.conda
  sha256: 08dec73df0e161c96765468847298a420933a36bc4f09b50e062df8793290737
  md5: a69bbf778a462da324489976c84cfc8c
  depends:
  - libgcc >=13
  - libwinpthread >=12.0.0.r4.gg4f2fc60ca
  - pthread-stubs
  - ucrt >=10.0.20348.0
  - xorg-libxau >=1.0.11,<2.0a0
  - xorg-libxdmcp
  license: MIT
  license_family: MIT
  size: 1208687
  timestamp: 1727279378819
- conda: https://conda.anaconda.org/conda-forge/win-64/libxml2-2.15.2-h5d26750_0.conda
  sha256: f905eb7046987c336122121759e7f09144729f6898f48cd06df2a945b86998d8
  md5: 1007e1bfe181a2aee214779ee7f13d30
  depends:
  - libiconv >=1.18,<2.0a0
  - liblzma >=5.8.2,<6.0a0
  - libxml2-16 2.15.2 h692994f_0
  - libzlib >=1.3.1,<2.0a0
  - ucrt >=10.0.20348.0
  - vc >=14.3,<15
  - vc14_runtime >=14.44.35208
  constrains:
  - icu <0.0a0
  license: MIT
  license_family: MIT
  size: 43681
  timestamp: 1772704748950
- conda: https://conda.anaconda.org/conda-forge/win-64/libxml2-16-2.15.2-h692994f_0.conda
  sha256: b8c71b3b609c7cfe17f3f2a47c75394d7b30acfb8b34ad7a049ea8757b4d33df
  md5: e365238134188e42ed36ee996159d482
  depends:
  - libiconv >=1.18,<2.0a0
  - liblzma >=5.8.2,<6.0a0
  - libzlib >=1.3.1,<2.0a0
  - ucrt >=10.0.20348.0
  - vc >=14.3,<15
  - vc14_runtime >=14.44.35208
  constrains:
  - libxml2 2.15.2
  - icu <0.0a0
  license: MIT
  license_family: MIT
  size: 520078
  timestamp: 1772704728534
- conda: https://conda.anaconda.org/conda-forge/win-64/libzlib-1.3.2-hfd05255_2.conda
  sha256: 88609816e0cc7452bac637aaf65783e5edf4fee8a9f8e22bdc3a75882c536061
  md5: dbabbd6234dea34040e631f87676292f
  depends:
  - ucrt >=10.0.20348.0
  - vc >=14.3,<15
  - vc14_runtime >=14.44.35208
  constrains:
  - zlib 1.3.2 *_2
  license: Zlib
  license_family: Other
  size: 58347
  timestamp: 1774072851498
- conda: https://conda.anaconda.org/conda-forge/win-64/llvm-openmp-22.1.2-h4fa8253_0.conda
  sha256: fa8bd542624507309cbdfc620bdfe546ed823d418e6ba878977d48da7a0f6212
  md5: 29407a30bd93dc8c11c03ca60249a340
  depends:
  - ucrt >=10.0.20348.0
  - vc >=14.3,<15
  - vc14_runtime >=14.44.35208
  constrains:
  - intel-openmp <0.0a0
  - openmp 22.1.2|22.1.2.*
  license: Apache-2.0 WITH LLVM-exception
  size: 348400
  timestamp: 1774733045609
- conda: https://conda.anaconda.org/conda-forge/win-64/mkl-2025.3.1-hac47afa_11.conda
  sha256: f2c2b2a3c2e7d08d78c10bef7c135a4262c80d1d48c85fb5902ca30d61d645f4
  md5: 3fd3009cef89c36e9898a6feeb0f5530
  depends:
  - llvm-openmp >=22.1.1
  - tbb >=2022.3.0
  - ucrt >=10.0.20348.0
  - vc >=14.3,<15
  - vc14_runtime >=14.44.35208
  license: LicenseRef-IntelSimplifiedSoftwareOct2022
  license_family: Proprietary
  size: 99997309
  timestamp: 1774449747739
- conda: https://conda.anaconda.org/conda-forge/noarch/mouseinfo-0.1.3-pyhd8ed1ab_1.conda
  sha256: 808329da23f5dea59669cfe0f5d187cadd56d612e4f899a60e71409f485b8b38
  md5: b06e78a1caf3263513e83331862f668b
  depends:
  - pillow >=4.0.0
  - pyperclip
  - python >=3.9
  - python-xlib
  - rubicon-objc
  license: GPL-3.0-or-later
  license_family: GPL
  size: 39111
  timestamp: 1735589075508
- conda: https://conda.anaconda.org/conda-forge/win-64/numpy-2.4.3-py314h02f10f6_0.conda
  sha256: e4afa67a7350836a1d652f8e7351fe4cb853f8eb8b5c86c9203cefff67669083
  md5: 54355aaff5c94c602b7b9540fbc3ca1d
  depends:
  - python
  - vc >=14.3,<15
  - vc14_runtime >=14.44.35208
  - ucrt >=10.0.20348.0
  - libblas >=3.9.0,<4.0a0
  - libcblas >=3.9.0,<4.0a0
  - python_abi 3.14.* *_cp314
  - liblapack >=3.9.0,<4.0a0
  constrains:
  - numpy-base <0a0
  license: BSD-3-Clause
  license_family: BSD
  size: 7311362
  timestamp: 1773839141373
- conda: https://conda.anaconda.org/conda-forge/win-64/openjpeg-2.5.4-h0e57b4f_0.conda
  sha256: 24342dee891a49a9ba92e2018ec0bde56cc07fdaec95275f7a55b96f03ea4252
  md5: e723ab7cc2794c954e1b22fde51c16e4
  depends:
  - libpng >=1.6.55,<1.7.0a0
  - libtiff >=4.7.1,<4.8.0a0
  - libzlib >=1.3.1,<2.0a0
  - ucrt >=10.0.20348.0
  - vc >=14.3,<15
  - vc14_runtime >=14.44.35208
  license: BSD-2-Clause
  license_family: BSD
  size: 245594
  timestamp: 1772624841727
- conda: https://conda.anaconda.org/conda-forge/win-64/openpyxl-3.1.5-py314hccc76fc_3.conda
  sha256: 82ad3a066acc770f0945c1ffa9b1ad1878ad9b6c3625bab940804909ce94d484
  md5: 864cdb786a1bb977ed1f96eab705a6d1
  depends:
  - et_xmlfile
  - python >=3.14,<3.15.0a0
  - python_abi 3.14.* *_cp314
  - ucrt >=10.0.20348.0
  - vc >=14.3,<15
  - vc14_runtime >=14.44.35208
  license: MIT
  license_family: MIT
  size: 487955
  timestamp: 1769122150643
- conda: https://conda.anaconda.org/conda-forge/win-64/openssl-3.6.1-hf411b9b_1.conda
  sha256: 53a5ad2e5553b8157a91bb8aa375f78c5958f77cb80e9d2ce59471ea8e5c0bd6
  md5: eb585509b815415bc964b2c7e11c7eb3
  depends:
  - ca-certificates
  - ucrt >=10.0.20348.0
  - vc >=14.3,<15
  - vc14_runtime >=14.44.35208
  license: Apache-2.0
  license_family: Apache
  size: 9343023
  timestamp: 1769557547888
- conda: https://conda.anaconda.org/conda-forge/noarch/outcome-1.3.0.post0-pyhd8ed1ab_1.conda
  sha256: ea7535d83ddf8562969d2b8cbdafeb25de9c1b6c7a3c3adff9f1d4f93aff4ddb
  md5: 36291eb9e4b0f61448ca1c47117f1cb5
  depends:
  - attrs >=19.2.0
  - python >=3.9
  license: MIT
  license_family: MIT
  size: 15509
  timestamp: 1733406292973
- conda: https://conda.anaconda.org/conda-forge/noarch/packaging-26.0-pyhcf101f3_0.conda
  sha256: c1fc0f953048f743385d31c468b4a678b3ad20caffdeaa94bed85ba63049fd58
  md5: b76541e68fea4d511b1ac46a28dcd2c6
  depends:
  - python >=3.8
  - python
  license: Apache-2.0
  license_family: APACHE
  size: 72010
  timestamp: 1769093650580
- conda: https://conda.anaconda.org/conda-forge/win-64/pandas-3.0.2-py314hf700ef7_0.conda
  sha256: cbb57758af4fc7807beb392cd573981612f53543d81606d20c01cf3210d768b9
  md5: f56832064d7b56c50e03e7a4b03037de
  depends:
  - python
  - numpy >=1.26.0
  - python-dateutil >=2.8.2
  - python-tzdata
  - vc >=14.3,<15
  - vc14_runtime >=14.44.35208
  - ucrt >=10.0.20348.0
  - numpy >=1.23,<3
  - python_abi 3.14.* *_cp314
  constrains:
  - adbc-driver-postgresql >=1.2.0
  - adbc-driver-sqlite >=1.2.0
  - beautifulsoup4 >=4.12.3
  - blosc >=1.21.3
  - bottleneck >=1.4.2
  - fastparquet >=2024.11.0
  - fsspec >=2024.10.0
  - gcsfs >=2024.10.0
  - html5lib >=1.1
  - hypothesis >=6.116.0
  - jinja2 >=3.1.5
  - lxml >=5.3.0
  - matplotlib >=3.9.3
  - numba >=0.60.0
  - numexpr >=2.10.2
  - odfpy >=1.4.1
  - openpyxl >=3.1.5
  - psycopg2 >=2.9.10
  - pyarrow >=13.0.0
  - pyiceberg >=0.8.1
  - pymysql >=1.1.1
  - pyqt5 >=5.15.9
  - pyreadstat >=1.2.8
  - pytables >=3.10.1
  - pytest >=8.3.4
  - pytest-xdist >=3.6.1
  - python-calamine >=0.3.0
  - pytz >=2024.2
  - pyxlsb >=1.0.10
  - qtpy >=2.4.2
  - scipy >=1.14.1
  - s3fs >=2024.10.0
  - sqlalchemy >=2.0.36
  - tabulate >=0.9.0
  - xarray >=2024.10.0
  - xlrd >=2.0.1
  - xlsxwriter >=3.2.0
  - zstandard >=0.23.0
  license: BSD-3-Clause
  size: 14038278
  timestamp: 1774916628571
- conda: https://conda.anaconda.org/conda-forge/win-64/pillow-12.1.1-py314h61b30b5_0.conda
  sha256: f4387e480970e0f429a0505d668bc677e84ef118d3db2cba56b547d1bd2c2dbf
  md5: 819c3d15988cea0f2c599b405023f55d
  depends:
  - python
  - vc >=14.3,<15
  - vc14_runtime >=14.44.35208
  - ucrt >=10.0.20348.0
  - libxcb >=1.17.0,<2.0a0
  - tk >=8.6.13,<8.7.0a0
  - libfreetype >=2.14.1
  - libfreetype6 >=2.14.1
  - libtiff >=4.7.1,<4.8.0a0
  - openjpeg >=2.5.4,<3.0a0
  - libjpeg-turbo >=3.1.2,<4.0a0
  - lcms2 >=2.18,<3.0a0
  - libwebp-base >=1.6.0,<2.0a0
  - python_abi 3.14.* *_cp314
  - zlib-ng >=2.3.3,<2.4.0a0
  license: HPND
  size: 973701
  timestamp: 1770794018422
- conda: https://conda.anaconda.org/conda-forge/win-64/psutil-7.2.2-py314hc5dbbe4_0.conda
  sha256: 17c8274ce5a32c9793f73a5a0094bd6188f3a13026a93147655143d4df034214
  md5: fd539ac231820f64066839251aa9fa48
  depends:
  - python
  - vc >=14.3,<15
  - vc14_runtime >=14.44.35208
  - ucrt >=10.0.20348.0
  - python_abi 3.14.* *_cp314
  license: BSD-3-Clause
  license_family: BSD
  size: 249950
  timestamp: 1769678167309
- conda: https://conda.anaconda.org/conda-forge/win-64/pthread-stubs-0.4-h0e40799_1002.conda
  sha256: 7e446bafb4d692792310ed022fe284e848c6a868c861655a92435af7368bae7b
  md5: 3c8f2573569bb816483e5cf57efbbe29
  depends:
  - libgcc >=13
  - libwinpthread >=12.0.0.r4.gg4f2fc60ca
  - ucrt >=10.0.20348.0
  license: MIT
  license_family: MIT
  size: 9389
  timestamp: 1726802555076
- conda: https://conda.anaconda.org/conda-forge/win-64/pyautogui-0.9.54-py314h86ab7b2_4.conda
  sha256: 681c779eba8971d2e24e503a7dadf9b7bf9135408b9a47815e3a464647bd52c6
  md5: 563a35b2558ea3e5eed2f59de981f0ef
  depends:
  - mouseinfo
  - pygetwindow >=0.0.5
  - pymsgbox
  - pyscreeze >=0.1.21
  - python >=3.14.0rc2,<3.15.0a0
  - python-xlib
  - python_abi 3.14.* *_cp314
  - pytweening >=1.0.4
  license: BSD-3-Clause
  license_family: BSD
  size: 81935
  timestamp: 1756915070131
- conda: https://conda.anaconda.org/conda-forge/noarch/pycparser-2.22-pyh29332c3_1.conda
  sha256: 79db7928d13fab2d892592223d7570f5061c192f27b9febd1a418427b719acc6
  md5: 12c566707c80111f9799308d9e265aef
  depends:
  - python >=3.9
  - python
  license: BSD-3-Clause
  license_family: BSD
  size: 110100
  timestamp: 1733195786147
- conda: https://conda.anaconda.org/conda-forge/win-64/pygetwindow-0.0.9-py314h86ab7b2_4.conda
  sha256: ea18485627d481d0eaaa31e66de082238e79f1242bdf9c92ec39b57f3322dbc7
  md5: e1f0614a5a700eb4091afa240c6eefab
  depends:
  - pyrect
  - python >=3.14.0rc2,<3.15.0a0
  - python_abi 3.14.* *_cp314
  license: BSD-3-Clause
  license_family: BSD
  size: 28496
  timestamp: 1756849389120
- conda: https://conda.anaconda.org/conda-forge/noarch/pymsgbox-2.0.1-pyhd8ed1ab_0.conda
  sha256: 968b882cd7b04e6a5a1d5e05a6a9f834d4cf954492adce7cc0c0596bd0c4ed09
  md5: a578be3f06a94df24e6812e104366055
  depends:
  - python >=3.10
  license: BSD-3-Clause
  license_family: BSD
  size: 14882
  timestamp: 1757420333595
- conda: https://conda.anaconda.org/conda-forge/noarch/pyperclip-1.11.0-pyh7428d3b_0.conda
  sha256: 4c45cfde1f904a8b85450bb9803391dc4f2d658ecbdafa2313289e2dc3c8480a
  md5: 66b53fbb78773cd282164fcf08878957
  depends:
  - __win
  - python >=3.10
  license: BSD-3-Clause
  license_family: BSD
  size: 17362
  timestamp: 1758906942340
- conda: https://conda.anaconda.org/conda-forge/noarch/pyrect-0.2.0-pyhd8ed1ab_1.conda
  sha256: 79da401842aa1dd56d0cd3271c2d226df103f9ff0933d1c0d9bff6e747d4fd47
  md5: 1409ced904db64c8bb0a1257c87e2acb
  depends:
  - python >=3.9
  license: BSD-3-Clause
  license_family: BSD
  size: 16389
  timestamp: 1735226578485
- conda: https://conda.anaconda.org/conda-forge/noarch/pyscreeze-1.0.1-pyhff2d567_0.conda
  sha256: 54bfd7925b5b435be3cf280a3762f0eb89a7c83e1ce8a097a9a478ae764ff72f
  md5: 371ef5297af516057a255f1c9543e564
  depends:
  - pillow >=9.2.0
  - python >=3.9
  license: BSD-3-Clause
  license_family: BSD
  size: 19460
  timestamp: 1731948148131
- conda: https://conda.anaconda.org/conda-forge/noarch/pysocks-1.7.1-pyh09c184e_7.conda
  sha256: d016e04b0e12063fbee4a2d5fbb9b39a8d191b5a0042f0b8459188aedeabb0ca
  md5: e2fd202833c4a981ce8a65974fe4abd1
  depends:
  - __win
  - python >=3.9
  - win_inet_pton
  license: BSD-3-Clause
  license_family: BSD
  size: 21784
  timestamp: 1733217448189
- conda: https://conda.anaconda.org/conda-forge/win-64/python-3.14.3-h4b44e0e_101_cp314.conda
  build_number: 101
  sha256: 3f99d83bfd95b9bdae64a42a1e4bf5131dc20b724be5ac8a9a7e1ac2c0f006d7
  md5: 7ec2be7eaf59f83f3e5617665f3fbb2e
  depends:
  - bzip2 >=1.0.8,<2.0a0
  - libexpat >=2.7.3,<3.0a0
  - libffi >=3.5.2,<3.6.0a0
  - liblzma >=5.8.2,<6.0a0
  - libmpdec >=4.0.0,<5.0a0
  - libsqlite >=3.51.2,<4.0a0
  - libzlib >=1.3.1,<2.0a0
  - openssl >=3.5.5,<4.0a0
  - python_abi 3.14.* *_cp314
  - tk >=8.6.13,<8.7.0a0
  - tzdata
  - ucrt >=10.0.20348.0
  - vc >=14.3,<15
  - vc14_runtime >=14.44.35208
  - zstd >=1.5.7,<1.6.0a0
  license: Python-2.0
  size: 18273230
  timestamp: 1770675442998
  python_site_packages_path: Lib/site-packages
- conda: https://conda.anaconda.org/conda-forge/noarch/python-dateutil-2.9.0.post0-pyhe01879c_2.conda
  sha256: d6a17ece93bbd5139e02d2bd7dbfa80bee1a4261dced63f65f679121686bf664
  md5: 5b8d21249ff20967101ffa321cab24e8
  depends:
  - python >=3.9
  - six >=1.5
  - python
  license: Apache-2.0
  license_family: APACHE
  size: 233310
  timestamp: 1751104122689
- conda: https://conda.anaconda.org/conda-forge/noarch/python-dotenv-1.2.2-pyhcf101f3_0.conda
  sha256: 74e417a768f59f02a242c25e7db0aa796627b5bc8c818863b57786072aeb85e5
  md5: 130584ad9f3a513cdd71b1fdc1244e9c
  depends:
  - python >=3.10
  license: BSD-3-Clause
  license_family: BSD
  size: 27848
  timestamp: 1772388605021
- conda: https://conda.anaconda.org/conda-forge/noarch/python-tzdata-2025.3-pyhd8ed1ab_0.conda
  sha256: 467134ef39f0af2dbb57d78cb3e4821f01003488d331a8dd7119334f4f47bfbd
  md5: 7ead57407430ba33f681738905278d03
  depends:
  - python >=3.10
  license: Apache-2.0
  license_family: APACHE
  size: 143542
  timestamp: 1765719982349
- conda: https://conda.anaconda.org/conda-forge/noarch/python-xlib-0.33-pyhff2d567_1.conda
  sha256: fb743969f4281b93830f0e35dc375feee65f1d34af7629d5934027bb8cdb97bd
  md5: 1adabe28079a10fca260f9439ae8e3a8
  depends:
  - python >=3.9
  - six >=1.10.0
  license: LGPL-2.1-or-later
  size: 138101
  timestamp: 1734617825181
- conda: https://conda.anaconda.org/conda-forge/noarch/python_abi-3.14-8_cp314.conda
  build_number: 8
  sha256: ad6d2e9ac39751cc0529dd1566a26751a0bf2542adb0c232533d32e176e21db5
  md5: 0539938c55b6b1a59b560e843ad864a4
  constrains:
  - python 3.14.* *_cp314
  license: BSD-3-Clause
  license_family: BSD
  size: 6989
  timestamp: 1752805904792
- conda: https://conda.anaconda.org/conda-forge/noarch/pytweening-1.2.0-pyhd8ed1ab_1.conda
  sha256: 652f793b30521a42b9e5d40879a00736685781a6569e3144ce9336574cc6cdb4
  md5: b6a78a43fe35f0fd259e19639bac7117
  depends:
  - python >=3.9
  license: BSD-3-Clause
  license_family: BSD
  size: 13569
  timestamp: 1735140119516
- conda: https://conda.anaconda.org/conda-forge/noarch/requests-2.33.1-pyhcf101f3_0.conda
  sha256: c0249bc4bf4c0e8e06d0e7b4d117a5d593cc4ab2144d5006d6d47c83cb0af18e
  md5: 10afbb4dbf06ff959ad25a92ccee6e59
  depends:
  - python >=3.10
  - certifi >=2023.5.7
  - charset-normalizer >=2,<4
  - idna >=2.5,<4
  - urllib3 >=1.26,<3
  - python
  constrains:
  - chardet >=3.0.2,<6
  license: Apache-2.0
  size: 63712
  timestamp: 1774894783063
- conda: https://conda.anaconda.org/conda-forge/noarch/rubicon-objc-0.5.3-pyhcf101f3_0.conda
  sha256: 508d735f207f32fe58fcbbceab0e2c0afc1d9dce0b5dc39c18c8a07142d0aab4
  md5: 034f9a62a3d6f8e40caf0616a0de9f99
  depends:
  - python >=3.10
  - python
  license: BSD-3-Clause
  license_family: BSD
  size: 63309
  timestamp: 1764797801292
- conda: https://conda.anaconda.org/conda-forge/noarch/selenium-4.41.0-pyhcf101f3_0.conda
  sha256: a1c479898f34626f2be437a93e64cc5b0cabf133c2745484d069331102d0d74c
  md5: 42c1d53246ab4448086d636fb49f4783
  depends:
  - certifi >=2026.1.4
  - python >=3.10
  - selenium-manager 4.41.*
  - trio >=0.31.0,<1.0
  - trio-websocket >=0.12.2,<1.0
  - typing_extensions >=4.15.0,<5.0
  - urllib3 >=2.6.3,<3.0
  - websocket-client >=1.8.0,<2.0
  - python
  license: Apache-2.0
  license_family: APACHE
  size: 356612
  timestamp: 1771594339102
- conda: https://conda.anaconda.org/conda-forge/win-64/selenium-manager-4.41.0-h18a1a76_0.conda
  sha256: 4f01aa432d6a7b31507b004a140c0e085fa542361499e50d2bcc4d47d8542511
  md5: 92abcd835b9159a58349d91407f784be
  depends:
  - vc >=14.3,<15
  - vc14_runtime >=14.44.35208
  - ucrt >=10.0.20348.0
  license: Apache-2.0
  license_family: APACHE
  size: 1952576
  timestamp: 1771582836129
- conda: https://conda.anaconda.org/conda-forge/noarch/six-1.17.0-pyhe01879c_1.conda
  sha256: 458227f759d5e3fcec5d9b7acce54e10c9e1f4f4b7ec978f3bfd54ce4ee9853d
  md5: 3339e3b65d58accf4ca4fb8748ab16b3
  depends:
  - python >=3.9
  - python
  license: MIT
  license_family: MIT
  size: 18455
  timestamp: 1753199211006
- conda: https://conda.anaconda.org/conda-forge/noarch/sniffio-1.3.1-pyhd8ed1ab_2.conda
  sha256: dce518f45e24cd03f401cb0616917773159a210c19d601c5f2d4e0e5879d30ad
  md5: 03fe290994c5e4ec17293cfb6bdce520
  depends:
  - python >=3.10
  license: Apache-2.0
  license_family: Apache
  size: 15698
  timestamp: 1762941572482
- conda: https://conda.anaconda.org/conda-forge/noarch/sortedcontainers-2.4.0-pyhd8ed1ab_1.conda
  sha256: d1e3e06b5cf26093047e63c8cc77b70d970411c5cbc0cb1fad461a8a8df599f7
  md5: 0401a17ae845fa72c7210e206ec5647d
  depends:
  - python >=3.9
  license: Apache-2.0
  license_family: APACHE
  size: 28657
  timestamp: 1738440459037
- conda: https://conda.anaconda.org/conda-forge/win-64/tbb-2022.3.0-h3155e25_2.conda
  sha256: abd9a489f059fba85c8ffa1abdaa4d515d6de6a3325238b8e81203b913cf65a9
  md5: 0f9817ffbe25f9e69ceba5ea70c52606
  depends:
  - libhwloc >=2.12.2,<2.12.3.0a0
  - ucrt >=10.0.20348.0
  - vc >=14.3,<15
  - vc14_runtime >=14.44.35208
  license: Apache-2.0
  license_family: APACHE
  size: 155869
  timestamp: 1767886839029
- conda: https://conda.anaconda.org/conda-forge/win-64/tk-8.6.13-h6ed50ae_3.conda
  sha256: 0e79810fae28f3b69fe7391b0d43f5474d6bd91d451d5f2bde02f55ae481d5e3
  md5: 0481bfd9814bf525bd4b3ee4b51494c4
  depends:
  - ucrt >=10.0.20348.0
  - vc >=14.3,<15
  - vc14_runtime >=14.44.35208
  license: TCL
  license_family: BSD
  size: 3526350
  timestamp: 1769460339384
- conda: https://conda.anaconda.org/conda-forge/noarch/tqdm-4.67.3-pyha7b4d00_0.conda
  sha256: 63cc2def6e168622728c7800ed6b3c1761ceecb18b354c81cee1a0a94c09900a
  md5: af77160f8428924c17db94e04aa69409
  depends:
  - python >=3.10
  - colorama
  - __win
  - python
  license: MPL-2.0 and MIT
  size: 93399
  timestamp: 1770153445242
- conda: https://conda.anaconda.org/conda-forge/win-64/trio-0.33.0-py314hbd517ce_0.conda
  sha256: 91bec751fe0dd507f43f8aef2fe117b042a542ad09370d993d93b3c704c0dfb7
  md5: 919597ca0100d538303e77be00aee085
  depends:
  - python
  - attrs >=23.2.0
  - sortedcontainers
  - idna
  - outcome
  - sniffio >=1.3.0
  - cffi >=1.14
  - python_abi 3.14.* *_cp314
  license: MIT
  license_family: MIT
  size: 1118517
  timestamp: 1771122120245
- conda: https://conda.anaconda.org/conda-forge/noarch/trio-websocket-0.12.2-pyh29332c3_0.conda
  sha256: c02936916d2d3b626d4cdd21ec09aa3b8a5d51bb0c2734d05a031c6985370cef
  md5: 9bb27d491b0dc9ed94ecfee8490bc0e7
  depends:
  - exceptiongroup
  - outcome >=1.2.0
  - python >=3.9
  - trio >=0.11
  - wsproto >=0.14
  - python
  license: MIT
  license_family: MIT
  size: 37196
  timestamp: 1740493956036
- conda: https://conda.anaconda.org/conda-forge/noarch/typing-extensions-4.15.0-h396c80c_0.conda
  sha256: 7c2df5721c742c2a47b2c8f960e718c930031663ac1174da67c1ed5999f7938c
  md5: edd329d7d3a4ab45dcf905899a7a6115
  depends:
  - typing_extensions ==4.15.0 pyhcf101f3_0
  license: PSF-2.0
  license_family: PSF
  size: 91383
  timestamp: 1756220668932
- conda: https://conda.anaconda.org/conda-forge/noarch/typing_extensions-4.15.0-pyhcf101f3_0.conda
  sha256: 032271135bca55aeb156cee361c81350c6f3fb203f57d024d7e5a1fc9ef18731
  md5: 0caa1af407ecff61170c9437a808404d
  depends:
  - python >=3.10
  - python
  license: PSF-2.0
  license_family: PSF
  size: 51692
  timestamp: 1756220668932
- conda: https://conda.anaconda.org/conda-forge/noarch/tzdata-2025c-hc9c84f9_1.conda
  sha256: 1d30098909076af33a35017eed6f2953af1c769e273a0626a04722ac4acaba3c
  md5: ad659d0a2b3e47e38d829aa8cad2d610
  license: LicenseRef-Public-Domain
  size: 119135
  timestamp: 1767016325805
- conda: https://conda.anaconda.org/conda-forge/win-64/ucrt-10.0.26100.0-h57928b3_0.conda
  sha256: 3005729dce6f3d3f5ec91dfc49fc75a0095f9cd23bab49efb899657297ac91a5
  md5: 71b24316859acd00bdb8b38f5e2ce328
  constrains:
  - vc14_runtime >=14.29.30037
  - vs2015_runtime >=14.29.30037
  license: LicenseRef-MicrosoftWindowsSDK10
  size: 694692
  timestamp: 1756385147981
- conda: https://conda.anaconda.org/conda-forge/noarch/urllib3-2.6.3-pyhd8ed1ab_0.conda
  sha256: af641ca7ab0c64525a96fd9ad3081b0f5bcf5d1cbb091afb3f6ed5a9eee6111a
  md5: 9272daa869e03efe68833e3dc7a02130
  depends:
  - backports.zstd >=1.0.0
  - brotli-python >=1.2.0
  - h2 >=4,<5
  - pysocks >=1.5.6,<2.0,!=1.5.7
  - python >=3.10
  license: MIT
  license_family: MIT
  size: 103172
  timestamp: 1767817860341
- conda: https://conda.anaconda.org/conda-forge/win-64/vc-14.3-h41ae7f8_34.conda
  sha256: 9dc40c2610a6e6727d635c62cced5ef30b7b30123f5ef67d6139e23d21744b3a
  md5: 1e610f2416b6acdd231c5f573d754a0f
  depends:
  - vc14_runtime >=14.44.35208
  track_features:
  - vc14
  license: BSD-3-Clause
  license_family: BSD
  size: 19356
  timestamp: 1767320221521
- conda: https://conda.anaconda.org/conda-forge/win-64/vc14_runtime-14.44.35208-h818238b_34.conda
  sha256: 02732f953292cce179de9b633e74928037fa3741eb5ef91c3f8bae4f761d32a5
  md5: 37eb311485d2d8b2c419449582046a42
  depends:
  - ucrt >=10.0.20348.0
  - vcomp14 14.44.35208 h818238b_34
  constrains:
  - vs2015_runtime 14.44.35208.* *_34
  license: LicenseRef-MicrosoftVisualCpp2015-2022Runtime
  license_family: Proprietary
  size: 683233
  timestamp: 1767320219644
- conda: https://conda.anaconda.org/conda-forge/win-64/vcomp14-14.44.35208-h818238b_34.conda
  sha256: 878d5d10318b119bd98ed3ed874bd467acbe21996e1d81597a1dbf8030ea0ce6
  md5: 242d9f25d2ae60c76b38a5e42858e51d
  depends:
  - ucrt >=10.0.20348.0
  constrains:
  - vs2015_runtime 14.44.35208.* *_34
  license: LicenseRef-MicrosoftVisualCpp2015-2022Runtime
  license_family: Proprietary
  size: 115235
  timestamp: 1767320173250
- conda: https://conda.anaconda.org/conda-forge/noarch/webdriver-manager-4.0.2-pyhd8ed1ab_1.conda
  sha256: 644030e6eede21a685553cfdc111fef3f6fcb1f3c1b170adac86dc3acd76f2b1
  md5: 33fbd9d150f74e30fe71e699b1e5c9d1
  depends:
  - packaging
  - python >=3.9
  - python-dotenv
  - requests
  - tqdm
  license: Apache-2.0
  license_family: APACHE
  size: 26436
  timestamp: 1734973200319
- conda: https://conda.anaconda.org/conda-forge/noarch/websocket-client-1.9.0-pyhd8ed1ab_0.conda
  sha256: 42a2b61e393e61cdf75ced1f5f324a64af25f347d16c60b14117393a98656397
  md5: 2f1ed718fcd829c184a6d4f0f2e07409
  depends:
  - python >=3.10
  license: Apache-2.0
  license_family: APACHE
  size: 61391
  timestamp: 1759928175142
- conda: https://conda.anaconda.org/conda-forge/noarch/win_inet_pton-1.1.0-pyh7428d3b_8.conda
  sha256: 93807369ab91f230cf9e6e2a237eaa812492fe00face5b38068735858fba954f
  md5: 46e441ba871f524e2b067929da3051c2
  depends:
  - __win
  - python >=3.9
  license: LicenseRef-Public-Domain
  size: 9555
  timestamp: 1733130678956
- conda: https://conda.anaconda.org/conda-forge/noarch/wsproto-1.3.2-pyhd8ed1ab_0.conda
  sha256: 43379eb1fe6e97cbdc3d27470f699c0956b991bd1348fecec95d64c1979233d5
  md5: 37296f462da2870694aff84a01625ba5
  depends:
  - h11 >=0.16.0,<1.0
  - python >=3.10
  license: MIT
  license_family: MIT
  size: 27263
  timestamp: 1763678249857
- conda: https://conda.anaconda.org/conda-forge/win-64/xorg-libxau-1.0.12-hba3369d_1.conda
  sha256: 156a583fa43609507146de1c4926172286d92458c307bb90871579601f6bc568
  md5: 8436cab9a76015dfe7208d3c9f97c156
  depends:
  - libgcc >=14
  - libwinpthread >=12.0.0.r4.gg4f2fc60ca
  - ucrt >=10.0.20348.0
  license: MIT
  license_family: MIT
  size: 109246
  timestamp: 1762977105140
- conda: https://conda.anaconda.org/conda-forge/win-64/xorg-libxdmcp-1.1.5-hba3369d_1.conda
  sha256: 366b8ae202c3b48958f0b8784bbfdc37243d3ee1b1cd4b8e76c10abe41fa258b
  md5: a7c03e38aa9c0e84d41881b9236eacfb
  depends:
  - libgcc >=14
  - libwinpthread >=12.0.0.r4.gg4f2fc60ca
  - ucrt >=10.0.20348.0
  license: MIT
  license_family: MIT
  size: 70691
  timestamp: 1762977015220
- conda: https://conda.anaconda.org/conda-forge/win-64/zlib-ng-2.3.3-h0261ad2_1.conda
  sha256: 71332532332d13b5dbe57074ddcf82ae711bdc132affa5a2982a29ffa06dc234
  md5: 46a21c0a4e65f1a135251fc7c8663f83
  depends:
  - ucrt >=10.0.20348.0
  - vc >=14.3,<15
  - vc14_runtime >=14.44.35208
  license: Zlib
  license_family: Other
  size: 124542
  timestamp: 1770167984883
- conda: https://conda.anaconda.org/conda-forge/win-64/zstd-1.5.7-h534d264_6.conda
  sha256: 368d8628424966fd8f9c8018326a9c779e06913dd39e646cf331226acc90e5b2
  md5: 053b84beec00b71ea8ff7a4f84b55207
  depends:
  - vc >=14.3,<15
  - vc14_runtime >=14.44.35208
  - ucrt >=10.0.20348.0
  - libzlib >=1.3.1,<2.0a0
  license: BSD-3-Clause
  license_family: BSD
  size: 388453
  timestamp: 1764777142545
